// !$*UTF8*$!
{
	archiveVersion = 1;
	classes = {
	};
	objectVersion = 77;
	objects = {

/* Begin PBXBuildFile section */
		D828647F2E7422EC004CB6B4 /* Logger.swift in Sources */ = {isa = PBXBuildFile; fileRef = D828647E2E7422EC004CB6B4 /* Logger.swift */; };
		D82864802E7422EC004CB6B4 /* Logger.swift in Sources */ = {isa = PBXBuildFile; fileRef = D828647E2E7422EC004CB6B4 /* Logger.swift */; };
		D82866392E7D06F4004CB6B4 /* FileUtils.swift in Sources */ = {isa = PBXBuildFile; fileRef = D82866382E7D06F4004CB6B4 /* FileUtils.swift */; };
		D828663A2E7D06F4004CB6B4 /* FileUtils.swift in Sources */ = {isa = PBXBuildFile; fileRef = D82866382E7D06F4004CB6B4 /* FileUtils.swift */; };
		D8A61F792E69095600F4FA3F /* DarwinNotificationManager.swift in Sources */ = {isa = PBXBuildFile; fileRef = D8A61F4C2E69048C00F4FA3F /* DarwinNotificationManager.swift */; };
		D8A61F7A2E69095600F4FA3F /* DarwinNotificationManager.swift in Sources */ = {isa = PBXBuildFile; fileRef = D8A61F4C2E69048C00F4FA3F /* DarwinNotificationManager.swift */; };
		D8A61F7B2E69095E00F4FA3F /* SharedDefaults.swift in Sources */ = {isa = PBXBuildFile; fileRef = D8A61F4B2E69043F00F4FA3F /* SharedDefaults.swift */; };
		D8A61F7C2E69095E00F4FA3F /* SharedDefaults.swift in Sources */ = {isa = PBXBuildFile; fileRef = D8A61F4B2E69043F00F4FA3F /* SharedDefaults.swift */; };
		D8A61F7D2E69096300F4FA3F /* KeyboardKitConfig.swift in Sources */ = {isa = PBXBuildFile; fileRef = D8A61F492E6903E400F4FA3F /* KeyboardKitConfig.swift */; };
		D8A61F7E2E69096300F4FA3F /* KeyboardKitConfig.swift in Sources */ = {isa = PBXBuildFile; fileRef = D8A61F492E6903E400F4FA3F /* KeyboardKitConfig.swift */; };
		D8A61F852E6A173700F4FA3F /* KeyboardKit in Frameworks */ = {isa = PBXBuildFile; productRef = D8A61F842E6A173700F4FA3F /* KeyboardKit */; };
		D8A61F872E6A174400F4FA3F /* KeyboardKit in Frameworks */ = {isa = PBXBuildFile; productRef = D8A61F862E6A174400F4FA3F /* KeyboardKit */; };
		D8A61F8E2E70A34900F4FA3F /* AudioSessionStatusManager.swift in Sources */ = {isa = PBXBuildFile; fileRef = D8A61F8D2E70A34900F4FA3F /* AudioSessionStatusManager.swift */; };
		D8A61F8F2E70A34900F4FA3F /* AudioSessionStatusManager.swift in Sources */ = {isa = PBXBuildFile; fileRef = D8A61F8D2E70A34900F4FA3F /* AudioSessionStatusManager.swift */; };
		D8C37D1A2E5313440053AB90 /* Keyboard.appex in Embed Foundation Extensions */ = {isa = PBXBuildFile; fileRef = D8C37D132E5313440053AB90 /* Keyboard.appex */; settings = {ATTRIBUTES = (RemoveHeadersOnCopy, ); }; };
		D8DD28A02EABA83F00D1368A /* FirebaseAI in Frameworks */ = {isa = PBXBuildFile; productRef = D8DD289F2EABA83F00D1368A /* FirebaseAI */; };
		D8DD28A22EABA83F00D1368A /* FirebaseAnalytics in Frameworks */ = {isa = PBXBuildFile; productRef = D8DD28A12EABA83F00D1368A /* FirebaseAnalytics */; };
		D8DD28A42EABA83F00D1368A /* FirebaseAnalyticsCore in Frameworks */ = {isa = PBXBuildFile; productRef = D8DD28A32EABA83F00D1368A /* FirebaseAnalyticsCore */; };
		D8DD28A62EABA83F00D1368A /* FirebaseAnalyticsIdentitySupport in Frameworks */ = {isa = PBXBuildFile; productRef = D8DD28A52EABA83F00D1368A /* FirebaseAnalyticsIdentitySupport */; };
		D8DD28A82EABA83F00D1368A /* FirebaseAppCheck in Frameworks */ = {isa = PBXBuildFile; productRef = D8DD28A72EABA83F00D1368A /* FirebaseAppCheck */; };
		D8DD28AA2EABA83F00D1368A /* FirebaseRemoteConfig in Frameworks */ = {isa = PBXBuildFile; productRef = D8DD28A92EABA83F00D1368A /* FirebaseRemoteConfig */; };
		D8DD28AB2EABA83F00D1368A /* FirebaseCore in Frameworks */ = {isa = PBXBuildFile; productRef = D8DD28AC2EABA83F00D1368A /* FirebaseCore */; };
		D8DD28CB2EABAEBD00D1368A /* SharedConstants.swift in Sources */ = {isa = PBXBuildFile; fileRef = D8DD28C12EABAEBD00D1368A /* SharedConstants.swift */; };
		D8DD28D42EABAEBD00D1368A /* SharedConstants.swift in Sources */ = {isa = PBXBuildFile; fileRef = D8DD28C12EABAEBD00D1368A /* SharedConstants.swift */; };
		D8DD28D62EABBF8F00D1368A /* KeychainHelper.swift in Sources */ = {isa = PBXBuildFile; fileRef = D8DD28D52EABBF8F00D1368A /* KeychainHelper.swift */; };
		D8DD28D72EABDBFF00D1368A /* KeychainHelper.swift in Sources */ = {isa = PBXBuildFile; fileRef = D8DD28D52EABBF8F00D1368A /* KeychainHelper.swift */; };
/* End PBXBuildFile section */

/* Begin PBXContainerItemProxy section */
		D8C37D182E5313440053AB90 /* PBXContainerItemProxy */ = {
			isa = PBXContainerItemProxy;
			containerPortal = D83A167A2E4A766F006834CF /* Project object */;
			proxyType = 1;
			remoteGlobalIDString = D8C37D122E5313440053AB90;
			remoteInfo = Keyboard;
		};
/* End PBXContainerItemProxy section */

/* Begin PBXCopyFilesBuildPhase section */
		D8C37D1F2E5313440053AB90 /* Embed Foundation Extensions */ = {
			isa = PBXCopyFilesBuildPhase;
			buildActionMask = 2147483647;
			dstPath = "";
			dstSubfolderSpec = 13;
			files = (
				D8C37D1A2E5313440053AB90 /* Keyboard.appex in Embed Foundation Extensions */,
			);
			name = "Embed Foundation Extensions";
			runOnlyForDeploymentPostprocessing = 0;
		};
/* End PBXCopyFilesBuildPhase section */

/* Begin PBXFileReference section */
		D828647E2E7422EC004CB6B4 /* Logger.swift */ = {isa = PBXFileReference; lastKnownFileType = sourcecode.swift; path = Logger.swift; sourceTree = "<group>"; };
		D82866382E7D06F4004CB6B4 /* FileUtils.swift */ = {isa = PBXFileReference; lastKnownFileType = sourcecode.swift; path = FileUtils.swift; sourceTree = "<group>"; };
		D83A16822E4A766F006834CF /* MurMur.app */ = {isa = PBXFileReference; explicitFileType = wrapper.application; includeInIndex = 0; path = MurMur.app; sourceTree = BUILT_PRODUCTS_DIR; };
		D8A61F492E6903E400F4FA3F /* KeyboardKitConfig.swift */ = {isa = PBXFileReference; lastKnownFileType = sourcecode.swift; path = KeyboardKitConfig.swift; sourceTree = "<group>"; };
		D8A61F4B2E69043F00F4FA3F /* SharedDefaults.swift */ = {isa = PBXFileReference; lastKnownFileType = sourcecode.swift; path = SharedDefaults.swift; sourceTree = "<group>"; };
		D8A61F4C2E69048C00F4FA3F /* DarwinNotificationManager.swift */ = {isa = PBXFileReference; lastKnownFileType = sourcecode.swift; path = DarwinNotificationManager.swift; sourceTree = "<group>"; };
		D8A61F8D2E70A34900F4FA3F /* AudioSessionStatusManager.swift */ = {isa = PBXFileReference; lastKnownFileType = sourcecode.swift; path = AudioSessionStatusManager.swift; sourceTree = "<group>"; };
		D8C37D132E5313440053AB90 /* Keyboard.appex */ = {isa = PBXFileReference; explicitFileType = "wrapper.app-extension"; includeInIndex = 0; path = Keyboard.appex; sourceTree = BUILT_PRODUCTS_DIR; };
		D8DD28C12EABAEBD00D1368A /* SharedConstants.swift */ = {isa = PBXFileReference; lastKnownFileType = sourcecode.swift; path = SharedConstants.swift; sourceTree = "<group>"; };
		D8DD28D52EABBF8F00D1368A /* KeychainHelper.swift */ = {isa = PBXFileReference; lastKnownFileType = sourcecode.swift; path = KeychainHelper.swift; sourceTree = "<group>"; };
/* End PBXFileReference section */

/* Begin PBXFileSystemSynchronizedBuildFileExceptionSet section */
		D8A61F672E69058600F4FA3F /* Exceptions for "MurMur" folder in "MurMur" target */ = {
			isa = PBXFileSystemSynchronizedBuildFileExceptionSet;
			membershipExceptions = (
				Assets.xcassets,
				ContentView.swift,
				"GoogleService-Info.plist",
				MurMurApp.swift,
				Services/AudioRecordingManager.swift,
				Services/DeepLinkManager.swift,
				Services/KeyboardStatusChecker.swift,
				Services/TranscriptionService.swift,
			);
			target = D83A16812E4A766F006834CF /* MurMur */;
		};
		D8A61F682E69058600F4FA3F /* Exceptions for "MurMur" folder in "Keyboard" target */ = {
			isa = PBXFileSystemSynchronizedBuildFileExceptionSet;
			membershipExceptions = (
				Assets.xcassets,
				ContentView.swift,
				"GoogleService-Info.plist",
				Info.plist,
				MurMurApp.swift,
				Services/AudioRecordingManager.swift,
				Services/DeepLinkManager.swift,
				Services/KeyboardStatusChecker.swift,
				Services/TranscriptionService.swift,
			);
			target = D8C37D122E5313440053AB90 /* Keyboard */;
		};
		D8C37D1B2E5313440053AB90 /* Exceptions for "Keyboard" folder in "Keyboard" target */ = {
			isa = PBXFileSystemSynchronizedBuildFileExceptionSet;
			membershipExceptions = (
				Info.plist,
			);
			target = D8C37D122E5313440053AB90 /* Keyboard */;
		};
/* End PBXFileSystemSynchronizedBuildFileExceptionSet section */

/* Begin PBXFileSystemSynchronizedRootGroup section */
		D8A61F612E69058600F4FA3F /* MurMur */ = {
			isa = PBXFileSystemSynchronizedRootGroup;
			exceptions = (
				D8A61F672E69058600F4FA3F /* Exceptions for "MurMur" folder in "MurMur" target */,
				D8A61F682E69058600F4FA3F /* Exceptions for "MurMur" folder in "Keyboard" target */,
			);
			path = MurMur;
			sourceTree = "<group>";
		};
		D8C37D142E5313440053AB90 /* Keyboard */ = {
			isa = PBXFileSystemSynchronizedRootGroup;
			exceptions = (
				D8C37D1B2E5313440053AB90 /* Exceptions for "Keyboard" folder in "Keyboard" target */,
			);
			path = Keyboard;
			sourceTree = "<group>";
		};
/* End PBXFileSystemSynchronizedRootGroup section */

/* Begin PBXFrameworksBuildPhase section */
		D83A167F2E4A766F006834CF /* Frameworks */ = {
			isa = PBXFrameworksBuildPhase;
			buildActionMask = 2147483647;
			files = (
				D8A61F852E6A173700F4FA3F /* KeyboardKit in Frameworks */,
				D8DD28A62EABA83F00D1368A /* FirebaseAnalyticsIdentitySupport in Frameworks */,
				D8DD28A02EABA83F00D1368A /* FirebaseAI in Frameworks */,
				D8DD28A22EABA83F00D1368A /* FirebaseAnalytics in Frameworks */,
				D8DD28A82EABA83F00D1368A /* FirebaseAppCheck in Frameworks */,
				D8DD28A42EABA83F00D1368A /* FirebaseAnalyticsCore in Frameworks */,
				D8DD28AA2EABA83F00D1368A /* FirebaseRemoteConfig in Frameworks */,
				D8DD28AB2EABA83F00D1368A /* FirebaseCore in Frameworks */,
			);
			runOnlyForDeploymentPostprocessing = 0;
		};
		D8C37D102E5313440053AB90 /* Frameworks */ = {
			isa = PBXFrameworksBuildPhase;
			buildActionMask = 2147483647;
			files = (
				D8A61F872E6A174400F4FA3F /* KeyboardKit in Frameworks */,
			);
			runOnlyForDeploymentPostprocessing = 0;
		};
/* End PBXFrameworksBuildPhase section */

/* Begin PBXGroup section */
		D83A16792E4A766F006834CF = {
			isa = PBXGroup;
			children = (
				D8A61F462E6903B500F4FA3F /* Shared */,
				D8C37D142E5313440053AB90 /* Keyboard */,
				D83A16832E4A766F006834CF /* Products */,
				D8A61F612E69058600F4FA3F /* MurMur */,
				D8A61F732E6907DA00F4FA3F /* Frameworks */,
			);
			sourceTree = "<group>";
		};
		D83A16832E4A766F006834CF /* Products */ = {
			isa = PBXGroup;
			children = (
				D83A16822E4A766F006834CF /* MurMur.app */,
				D8C37D132E5313440053AB90 /* Keyboard.appex */,
			);
			name = Products;
			sourceTree = "<group>";
		};
		D8A61F462E6903B500F4FA3F /* Shared */ = {
			isa = PBXGroup;
			children = (
				D8A61F4A2E69043800F4FA3F /* Utilities */,
				D8A61F482E6903DD00F4FA3F /* Models */,
				D8DD28C12EABAEBD00D1368A /* SharedConstants.swift */,
			);
			path = Shared;
			sourceTree = "<group>";
		};
		D8A61F482E6903DD00F4FA3F /* Models */ = {
			isa = PBXGroup;
			children = (
				D8A61F492E6903E400F4FA3F /* KeyboardKitConfig.swift */,
			);
			path = Models;
			sourceTree = "<group>";
		};
		D8A61F4A2E69043800F4FA3F /* Utilities */ = {
			isa = PBXGroup;
			children = (
				D8A61F8D2E70A34900F4FA3F /* AudioSessionStatusManager.swift */,
				D8A61F4C2E69048C00F4FA3F /* DarwinNotificationManager.swift */,
				D8A61F4B2E69043F00F4FA3F /* SharedDefaults.swift */,
				D828647E2E7422EC004CB6B4 /* Logger.swift */,
				D82866382E7D06F4004CB6B4 /* FileUtils.swift */,
				D8DD28D52EABBF8F00D1368A /* KeychainHelper.swift */,
			);
			path = Utilities;
			sourceTree = "<group>";
		};
		D8A61F732E6907DA00F4FA3F /* Frameworks */ = {
			isa = PBXGroup;
			children = (
			);
			name = Frameworks;
			sourceTree = "<group>";
		};
/* End PBXGroup section */

/* Begin PBXNativeTarget section */
		D83A16812E4A766F006834CF /* MurMur */ = {
			isa = PBXNativeTarget;
			buildConfigurationList = D83A168D2E4A7670006834CF /* Build configuration list for PBXNativeTarget "MurMur" */;
			buildPhases = (
				D83A167E2E4A766F006834CF /* Sources */,
				D83A167F2E4A766F006834CF /* Frameworks */,
				D83A16802E4A766F006834CF /* Resources */,
				D8C37D1F2E5313440053AB90 /* Embed Foundation Extensions */,
			);
			buildRules = (
			);
			dependencies = (
				D8C37D192E5313440053AB90 /* PBXTargetDependency */,
			);
			name = MurMur;
			packageProductDependencies = (
				D8A61F842E6A173700F4FA3F /* KeyboardKit */,
				D8DD289F2EABA83F00D1368A /* FirebaseAI */,
				D8DD28A12EABA83F00D1368A /* FirebaseAnalytics */,
				D8DD28A32EABA83F00D1368A /* FirebaseAnalyticsCore */,
				D8DD28A52EABA83F00D1368A /* FirebaseAnalyticsIdentitySupport */,
				D8DD28A72EABA83F00D1368A /* FirebaseAppCheck */,
				D8DD28A92EABA83F00D1368A /* FirebaseRemoteConfig */,
				D8DD28AC2EABA83F00D1368A /* FirebaseCore */,
			);
			productName = MurMur;
			productReference = D83A16822E4A766F006834CF /* MurMur.app */;
			productType = "com.apple.product-type.application";
		};
		D8C37D122E5313440053AB90 /* Keyboard */ = {
			isa = PBXNativeTarget;
			buildConfigurationList = D8C37D1C2E5313440053AB90 /* Build configuration list for PBXNativeTarget "Keyboard" */;
			buildPhases = (
				D8C37D0F2E5313440053AB90 /* Sources */,
				D8C37D102E5313440053AB90 /* Frameworks */,
				D8C37D112E5313440053AB90 /* Resources */,
			);
			buildRules = (
			);
			dependencies = (
			);
			fileSystemSynchronizedGroups = (
				D8A61F612E69058600F4FA3F /* MurMur */,
				D8C37D142E5313440053AB90 /* Keyboard */,
			);
			name = Keyboard;
			packageProductDependencies = (
				D8A61F862E6A174400F4FA3F /* KeyboardKit */,
			);
			productName = Keyboard;
			productReference = D8C37D132E5313440053AB90 /* Keyboard.appex */;
			productType = "com.apple.product-type.app-extension";
		};
/* End PBXNativeTarget section */

/* Begin PBXProject section */
		D83A167A2E4A766F006834CF /* Project object */ = {
			isa = PBXProject;
			attributes = {
				BuildIndependentTargetsInParallel = 1;
				LastSwiftUpdateCheck = 1640;
				LastUpgradeCheck = 1640;
				TargetAttributes = {
					D83A16812E4A766F006834CF = {
						CreatedOnToolsVersion = 16.4;
					};
					D8C37D122E5313440053AB90 = {
						CreatedOnToolsVersion = 16.4;
					};
				};
			};
			buildConfigurationList = D83A167D2E4A766F006834CF /* Build configuration list for PBXProject "MurMur" */;
			developmentRegion = en;
			hasScannedForEncodings = 0;
			knownRegions = (
				en,
				Base,
			);
			mainGroup = D83A16792E4A766F006834CF;
			minimizedProjectReferenceProxies = 1;
			packageReferences = (
				D8A61F832E6A173700F4FA3F /* XCRemoteSwiftPackageReference "KeyboardKit" */,
				D8DD289E2EABA83F00D1368A /* XCRemoteSwiftPackageReference "firebase-ios-sdk" */,
			);
			preferredProjectObjectVersion = 77;
			productRefGroup = D83A16832E4A766F006834CF /* Products */;
			projectDirPath = "";
			projectRoot = "";
			targets = (
				D83A16812E4A766F006834CF /* MurMur */,
				D8C37D122E5313440053AB90 /* Keyboard */,
			);
		};
/* End PBXProject section */

/* Begin PBXResourcesBuildPhase section */
		D83A16802E4A766F006834CF /* Resources */ = {
			isa = PBXResourcesBuildPhase;
			buildActionMask = 2147483647;
			files = (
			);
			runOnlyForDeploymentPostprocessing = 0;
		};
		D8C37D112E5313440053AB90 /* Resources */ = {
			isa = PBXResourcesBuildPhase;
			buildActionMask = 2147483647;
			files = (
			);
			runOnlyForDeploymentPostprocessing = 0;
		};
/* End PBXResourcesBuildPhase section */

/* Begin PBXSourcesBuildPhase section */
		D83A167E2E4A766F006834CF /* Sources */ = {
			isa = PBXSourcesBuildPhase;
			buildActionMask = 2147483647;
			files = (
				D8A61F7B2E69095E00F4FA3F /* SharedDefaults.swift in Sources */,
				D8A61F8F2E70A34900F4FA3F /* AudioSessionStatusManager.swift in Sources */,
				D828647F2E7422EC004CB6B4 /* Logger.swift in Sources */,
				D828663A2E7D06F4004CB6B4 /* FileUtils.swift in Sources */,
				D8A61F792E69095600F4FA3F /* DarwinNotificationManager.swift in Sources */,
				D8A61F7D2E69096300F4FA3F /* KeyboardKitConfig.swift in Sources */,
				D8DD28D62EABBF8F00D1368A /* KeychainHelper.swift in Sources */,
				D8DD28D42EABAEBD00D1368A /* SharedConstants.swift in Sources */,
			);
			runOnlyForDeploymentPostprocessing = 0;
		};
		D8C37D0F2E5313440053AB90 /* Sources */ = {
			isa = PBXSourcesBuildPhase;
			buildActionMask = 2147483647;
			files = (
				D8DD28CB2EABAEBD00D1368A /* SharedConstants.swift in Sources */,
				D8A61F7A2E69095600F4FA3F /* DarwinNotificationManager.swift in Sources */,
				D8A61F7E2E69096300F4FA3F /* KeyboardKitConfig.swift in Sources */,
				D8A61F7C2E69095E00F4FA3F /* SharedDefaults.swift in Sources */,
				D8DD28D72EABDBFF00D1368A /* KeychainHelper.swift in Sources */,
				D82864802E7422EC004CB6B4 /* Logger.swift in Sources */,
				D8A61F8E2E70A34900F4FA3F /* AudioSessionStatusManager.swift in Sources */,
				D82866392E7D06F4004CB6B4 /* FileUtils.swift in Sources */,
			);
			runOnlyForDeploymentPostprocessing = 0;
		};
/* End PBXSourcesBuildPhase section */

/* Begin PBXTargetDependency section */
		D8C37D192E5313440053AB90 /* PBXTargetDependency */ = {
			isa = PBXTargetDependency;
			target = D8C37D122E5313440053AB90 /* Keyboard */;
			targetProxy = D8C37D182E5313440053AB90 /* PBXContainerItemProxy */;
		};
/* End PBXTargetDependency section */

/* Begin XCBuildConfiguration section */
		D83A168B2E4A7670006834CF /* Debug */ = {
			isa = XCBuildConfiguration;
			buildSettings = {
				ALWAYS_SEARCH_USER_PATHS = NO;
				ASSETCATALOG_COMPILER_GENERATE_SWIFT_ASSET_SYMBOL_EXTENSIONS = YES;
				CLANG_ANALYZER_NONNULL = YES;
				CLANG_ANALYZER_NUMBER_OBJECT_CONVERSION = YES_AGGRESSIVE;
				CLANG_CXX_LANGUAGE_STANDARD = "gnu++20";
				CLANG_ENABLE_MODULES = YES;
				CLANG_ENABLE_OBJC_ARC = YES;
				CLANG_ENABLE_OBJC_WEAK = YES;
				CLANG_WARN_BLOCK_CAPTURE_AUTORELEASING = YES;
				CLANG_WARN_BOOL_CONVERSION = YES;
				CLANG_WARN_COMMA = YES;
				CLANG_WARN_CONSTANT_CONVERSION = YES;
				CLANG_WARN_DEPRECATED_OBJC_IMPLEMENTATIONS = YES;
				CLANG_WARN_DIRECT_OBJC_ISA_USAGE = YES_ERROR;
				CLANG_WARN_DOCUMENTATION_COMMENTS = YES;
				CLANG_WARN_EMPTY_BODY = YES;
				CLANG_WARN_ENUM_CONVERSION = YES;
				CLANG_WARN_INFINITE_RECURSION = YES;
				CLANG_WARN_INT_CONVERSION = YES;
				CLANG_WARN_NON_LITERAL_NULL_CONVERSION = YES;
				CLANG_WARN_OBJC_IMPLICIT_RETAIN_SELF = YES;
				CLANG_WARN_OBJC_LITERAL_CONVERSION = YES;
				CLANG_WARN_OBJC_ROOT_CLASS = YES_ERROR;
				CLANG_WARN_QUOTED_INCLUDE_IN_FRAMEWORK_HEADER = YES;
				CLANG_WARN_RANGE_LOOP_ANALYSIS = YES;
				CLANG_WARN_STRICT_PROTOTYPES = YES;
				CLANG_WARN_SUSPICIOUS_MOVE = YES;
				CLANG_WARN_UNGUARDED_AVAILABILITY = YES_AGGRESSIVE;
				CLANG_WARN_UNREACHABLE_CODE = YES;
				CLANG_WARN__DUPLICATE_METHOD_MATCH = YES;
				COPY_PHASE_STRIP = NO;
				DEBUG_INFORMATION_FORMAT = dwarf;
				ENABLE_STRICT_OBJC_MSGSEND = YES;
				ENABLE_TESTABILITY = YES;
				ENABLE_USER_SCRIPT_SANDBOXING = YES;
				GCC_C_LANGUAGE_STANDARD = gnu17;
				GCC_DYNAMIC_NO_PIC = NO;
				GCC_NO_COMMON_BLOCKS = YES;
				GCC_OPTIMIZATION_LEVEL = 0;
				GCC_PREPROCESSOR_DEFINITIONS = (
					"DEBUG=1",
					"$(inherited)",
				);
				GCC_WARN_64_TO_32_BIT_CONVERSION = YES;
				GCC_WARN_ABOUT_RETURN_TYPE = YES_ERROR;
				GCC_WARN_UNDECLARED_SELECTOR = YES;
				GCC_WARN_UNINITIALIZED_AUTOS = YES_AGGRESSIVE;
				GCC_WARN_UNUSED_FUNCTION = YES;
				GCC_WARN_UNUSED_VARIABLE = YES;
				IPHONEOS_DEPLOYMENT_TARGET = 18.5;
				LOCALIZATION_PREFERS_STRING_CATALOGS = YES;
				MTL_ENABLE_DEBUG_INFO = INCLUDE_SOURCE;
				MTL_FAST_MATH = YES;
				ONLY_ACTIVE_ARCH = YES;
				SDKROOT = iphoneos;
				SWIFT_ACTIVE_COMPILATION_CONDITIONS = "DEBUG $(inherited)";
				SWIFT_OPTIMIZATION_LEVEL = "-Onone";
			};
			name = Debug;
		};
		D83A168C2E4A7670006834CF /* Release */ = {
			isa = XCBuildConfiguration;
			buildSettings = {
				ALWAYS_SEARCH_USER_PATHS = NO;
				ASSETCATALOG_COMPILER_GENERATE_SWIFT_ASSET_SYMBOL_EXTENSIONS = YES;
				CLANG_ANALYZER_NONNULL = YES;
				CLANG_ANALYZER_NUMBER_OBJECT_CONVERSION = YES_AGGRESSIVE;
				CLANG_CXX_LANGUAGE_STANDARD = "gnu++20";
				CLANG_ENABLE_MODULES = YES;
				CLANG_ENABLE_OBJC_ARC = YES;
				CLANG_ENABLE_OBJC_WEAK = YES;
				CLANG_WARN_BLOCK_CAPTURE_AUTORELEASING = YES;
				CLANG_WARN_BOOL_CONVERSION = YES;
				CLANG_WARN_COMMA = YES;
				CLANG_WARN_CONSTANT_CONVERSION = YES;
				CLANG_WARN_DEPRECATED_OBJC_IMPLEMENTATIONS = YES;
				CLANG_WARN_DIRECT_OBJC_ISA_USAGE = YES_ERROR;
				CLANG_WARN_DOCUMENTATION_COMMENTS = YES;
				CLANG_WARN_EMPTY_BODY = YES;
				CLANG_WARN_ENUM_CONVERSION = YES;
				CLANG_WARN_INFINITE_RECURSION = YES;
				CLANG_WARN_INT_CONVERSION = YES;
				CLANG_WARN_NON_LITERAL_NULL_CONVERSION = YES;
				CLANG_WARN_OBJC_IMPLICIT_RETAIN_SELF = YES;
				CLANG_WARN_OBJC_LITERAL_CONVERSION = YES;
				CLANG_WARN_OBJC_ROOT_CLASS = YES_ERROR;
				CLANG_WARN_QUOTED_INCLUDE_IN_FRAMEWORK_HEADER = YES;
				CLANG_WARN_RANGE_LOOP_ANALYSIS = YES;
				CLANG_WARN_STRICT_PROTOTYPES = YES;
				CLANG_WARN_SUSPICIOUS_MOVE = YES;
				CLANG_WARN_UNGUARDED_AVAILABILITY = YES_AGGRESSIVE;
				CLANG_WARN_UNREACHABLE_CODE = YES;
				CLANG_WARN__DUPLICATE_METHOD_MATCH = YES;
				COPY_PHASE_STRIP = NO;
				DEBUG_INFORMATION_FORMAT = "dwarf-with-dsym";
				ENABLE_NS_ASSERTIONS = NO;
				ENABLE_STRICT_OBJC_MSGSEND = YES;
				ENABLE_USER_SCRIPT_SANDBOXING = YES;
				GCC_C_LANGUAGE_STANDARD = gnu17;
				GCC_NO_COMMON_BLOCKS = YES;
				GCC_WARN_64_TO_32_BIT_CONVERSION = YES;
				GCC_WARN_ABOUT_RETURN_TYPE = YES_ERROR;
				GCC_WARN_UNDECLARED_SELECTOR = YES;
				GCC_WARN_UNINITIALIZED_AUTOS = YES_AGGRESSIVE;
				GCC_WARN_UNUSED_FUNCTION = YES;
				GCC_WARN_UNUSED_VARIABLE = YES;
				IPHONEOS_DEPLOYMENT_TARGET = 18.5;
				LOCALIZATION_PREFERS_STRING_CATALOGS = YES;
				MTL_ENABLE_DEBUG_INFO = NO;
				MTL_FAST_MATH = YES;
				SDKROOT = iphoneos;
				SWIFT_COMPILATION_MODE = wholemodule;
				VALIDATE_PRODUCT = YES;
			};
			name = Release;
		};
		D83A168E2E4A7670006834CF /* Debug */ = {
			isa = XCBuildConfiguration;
			buildSettings = {
				ASSETCATALOG_COMPILER_APPICON_NAME = AppIcon;
				ASSETCATALOG_COMPILER_GLOBAL_ACCENT_COLOR_NAME = AccentColor;
				CODE_SIGN_ENTITLEMENTS = MurMur/MurMur.entitlements;
				CODE_SIGN_STYLE = Automatic;
				CURRENT_PROJECT_VERSION = 1;
				DEVELOPMENT_TEAM = XFAR457L8D;
				ENABLE_PREVIEWS = YES;
				GENERATE_INFOPLIST_FILE = YES;
				INFOPLIST_FILE = MurMur/Info.plist;
				INFOPLIST_KEY_NSMicrophoneUsageDescription = "MurMur needs to access your microphone to record audio for transcription.";
				INFOPLIST_KEY_UIApplicationSceneManifest_Generation = YES;
				INFOPLIST_KEY_UIApplicationSupportsIndirectInputEvents = YES;
				INFOPLIST_KEY_UILaunchScreen_Generation = YES;
				INFOPLIST_KEY_UISupportedInterfaceOrientations_iPad = "UIInterfaceOrientationPortrait UIInterfaceOrientationPortraitUpsideDown UIInterfaceOrientationLandscapeLeft UIInterfaceOrientationLandscapeRight";
				INFOPLIST_KEY_UISupportedInterfaceOrientations_iPhone = "UIInterfaceOrientationPortrait UIInterfaceOrientationLandscapeLeft UIInterfaceOrientationLandscapeRight";
				LD_RUNPATH_SEARCH_PATHS = (
					"$(inherited)",
					"@executable_path/Frameworks",
				);
				MARKETING_VERSION = 1.0;
				PRODUCT_BUNDLE_IDENTIFIER = com.nirajnair.MurMur;
				PRODUCT_NAME = "$(TARGET_NAME)";
				SWIFT_EMIT_LOC_STRINGS = YES;
				SWIFT_VERSION = 5.0;
				TARGETED_DEVICE_FAMILY = "1,2";
			};
			name = Debug;
		};
		D83A168F2E4A7670006834CF /* Release */ = {
			isa = XCBuildConfiguration;
			buildSettings = {
				ASSETCATALOG_COMPILER_APPICON_NAME = AppIcon;
				ASSETCATALOG_COMPILER_GLOBAL_ACCENT_COLOR_NAME = AccentColor;
				CODE_SIGN_ENTITLEMENTS = MurMur/MurMur.entitlements;
				CODE_SIGN_STYLE = Automatic;
				CURRENT_PROJECT_VERSION = 1;
				DEVELOPMENT_TEAM = XFAR457L8D;
				ENABLE_PREVIEWS = YES;
				GENERATE_INFOPLIST_FILE = YES;
				INFOPLIST_FILE = MurMur/Info.plist;
				INFOPLIST_KEY_NSMicrophoneUsageDescription = "MurMur needs to access your microphone to record audio for transcription.";
				INFOPLIST_KEY_UIApplicationSceneManifest_Generation = YES;
				INFOPLIST_KEY_UIApplicationSupportsIndirectInputEvents = YES;
				INFOPLIST_KEY_UILaunchScreen_Generation = YES;
				INFOPLIST_KEY_UISupportedInterfaceOrientations_iPad = "UIInterfaceOrientationPortrait UIInterfaceOrientationPortraitUpsideDown UIInterfaceOrientationLandscapeLeft UIInterfaceOrientationLandscapeRight";
				INFOPLIST_KEY_UISupportedInterfaceOrientations_iPhone = "UIInterfaceOrientationPortrait UIInterfaceOrientationLandscapeLeft UIInterfaceOrientationLandscapeRight";
				LD_RUNPATH_SEARCH_PATHS = (
					"$(inherited)",
					"@executable_path/Frameworks",
				);
				MARKETING_VERSION = 1.0;
				PRODUCT_BUNDLE_IDENTIFIER = com.nirajnair.MurMur;
				PRODUCT_NAME = "$(TARGET_NAME)";
				SWIFT_EMIT_LOC_STRINGS = YES;
				SWIFT_VERSION = 5.0;
				TARGETED_DEVICE_FAMILY = "1,2";
			};
			name = Release;
		};
		D8C37D1D2E5313440053AB90 /* Debug */ = {
			isa = XCBuildConfiguration;
			buildSettings = {
				CODE_SIGN_ENTITLEMENTS = Keyboard/Keyboard.entitlements;
				CODE_SIGN_STYLE = Automatic;
				CURRENT_PROJECT_VERSION = 1;
				DEVELOPMENT_TEAM = XFAR457L8D;
				GENERATE_INFOPLIST_FILE = YES;
				INFOPLIST_FILE = Keyboard/Info.plist;
				INFOPLIST_KEY_CFBundleDisplayName = Keyboard;
				INFOPLIST_KEY_NSHumanReadableCopyright = "";
				INFOPLIST_KEY_NSMotionUsageDescription = "MurMur needs to access your microphone to record audio for transcription.";
				LD_RUNPATH_SEARCH_PATHS = (
					"$(inherited)",
					"@executable_path/Frameworks",
					"@executable_path/../../Frameworks",
				);
				MARKETING_VERSION = 1.0;
				PRODUCT_BUNDLE_IDENTIFIER = com.nirajnair.MurMur.Keyboard;
				PRODUCT_NAME = "$(TARGET_NAME)";
				SKIP_INSTALL = YES;
				SWIFT_EMIT_LOC_STRINGS = YES;
				SWIFT_VERSION = 5.0;
				TARGETED_DEVICE_FAMILY = "1,2";
			};
			name = Debug;
		};
		D8C37D1E2E5313440053AB90 /* Release */ = {
			isa = XCBuildConfiguration;
			buildSettings = {
				CODE_SIGN_ENTITLEMENTS = Keyboard/Keyboard.entitlements;
				CODE_SIGN_STYLE = Automatic;
				CURRENT_PROJECT_VERSION = 1;
				DEVELOPMENT_TEAM = XFAR457L8D;
				GENERATE_INFOPLIST_FILE = YES;
				INFOPLIST_FILE = Keyboard/Info.plist;
				INFOPLIST_KEY_CFBundleDisplayName = Keyboard;
				INFOPLIST_KEY_NSHumanReadableCopyright = "";
				INFOPLIST_KEY_NSMotionUsageDescription = "MurMur needs to access your microphone to record audio for transcription.";
				LD_RUNPATH_SEARCH_PATHS = (
					"$(inherited)",
					"@executable_path/Frameworks",
					"@executable_path/../../Frameworks",
				);
				MARKETING_VERSION = 1.0;
				PRODUCT_BUNDLE_IDENTIFIER = com.nirajnair.MurMur.Keyboard;
				PRODUCT_NAME = "$(TARGET_NAME)";
				SKIP_INSTALL = YES;
				SWIFT_EMIT_LOC_STRINGS = YES;
				SWIFT_VERSION = 5.0;
				TARGETED_DEVICE_FAMILY = "1,2";
			};
			name = Release;
		};
/* End XCBuildConfiguration section */

/* Begin XCConfigurationList section */
		D83A167D2E4A766F006834CF /* Build configuration list for PBXProject "MurMur" */ = {
			isa = XCConfigurationList;
			buildConfigurations = (
				D83A168B2E4A7670006834CF /* Debug */,
				D83A168C2E4A7670006834CF /* Release */,
			);
			defaultConfigurationIsVisible = 0;
			defaultConfigurationName = Release;
		};
		D83A168D2E4A7670006834CF /* Build configuration list for PBXNativeTarget "MurMur" */ = {
			isa = XCConfigurationList;
			buildConfigurations = (
				D83A168E2E4A7670006834CF /* Debug */,
				D83A168F2E4A7670006834CF /* Release */,
			);
			defaultConfigurationIsVisible = 0;
			defaultConfigurationName = Release;
		};
		D8C37D1C2E5313440053AB90 /* Build configuration list for PBXNativeTarget "Keyboard" */ = {
			isa = XCConfigurationList;
			buildConfigurations = (
				D8C37D1D2E5313440053AB90 /* Debug */,
				D8C37D1E2E5313440053AB90 /* Release */,
			);
			defaultConfigurationIsVisible = 0;
			defaultConfigurationName = Release;
		};
/* End XCConfigurationList section */

/* Begin XCRemoteSwiftPackageReference section */
		D8A61F832E6A173700F4FA3F /* XCRemoteSwiftPackageReference "KeyboardKit" */ = {
			isa = XCRemoteSwiftPackageReference;
			repositoryURL = "https://github.com/KeyboardKit/KeyboardKit.git";
			requirement = {
				kind = upToNextMajorVersion;
				minimumVersion = 9.9.0;
			};
		};
		D8DD289E2EABA83F00D1368A /* XCRemoteSwiftPackageReference "firebase-ios-sdk" */ = {
			isa = XCRemoteSwiftPackageReference;
			repositoryURL = "https://github.com/firebase/firebase-ios-sdk";
			requirement = {
				kind = upToNextMajorVersion;
				minimumVersion = 12.4.0;
			};
		};
/* End XCRemoteSwiftPackageReference section */

/* Begin XCSwiftPackageProductDependency section */
		D8A61F842E6A173700F4FA3F /* KeyboardKit */ = {
			isa = XCSwiftPackageProductDependency;
			package = D8A61F832E6A173700F4FA3F /* XCRemoteSwiftPackageReference "KeyboardKit" */;
			productName = KeyboardKit;
		};
		D8A61F862E6A174400F4FA3F /* KeyboardKit */ = {
			isa = XCSwiftPackageProductDependency;
			package = D8A61F832E6A173700F4FA3F /* XCRemoteSwiftPackageReference "KeyboardKit" */;
			productName = KeyboardKit;
		};
		D8DD289F2EABA83F00D1368A /* FirebaseAI */ = {
			isa = XCSwiftPackageProductDependency;
			package = D8DD289E2EABA83F00D1368A /* XCRemoteSwiftPackageReference "firebase-ios-sdk" */;
			productName = FirebaseAI;
		};
		D8DD28A12EABA83F00D1368A /* FirebaseAnalytics */ = {
			isa = XCSwiftPackageProductDependency;
			package = D8DD289E2EABA83F00D1368A /* XCRemoteSwiftPackageReference "firebase-ios-sdk" */;
			productName = FirebaseAnalytics;
		};
		D8DD28A32EABA83F00D1368A /* FirebaseAnalyticsCore */ = {
			isa = XCSwiftPackageProductDependency;
			package = D8DD289E2EABA83F00D1368A /* XCRemoteSwiftPackageReference "firebase-ios-sdk" */;
			productName = FirebaseAnalyticsCore;
		};
		D8DD28A52EABA83F00D1368A /* FirebaseAnalyticsIdentitySupport */ = {
			isa = XCSwiftPackageProductDependency;
			package = D8DD289E2EABA83F00D1368A /* XCRemoteSwiftPackageReference "firebase-ios-sdk" */;
			productName = FirebaseAnalyticsIdentitySupport;
		};
		D8DD28A72EABA83F00D1368A /* FirebaseAppCheck */ = {
			isa = XCSwiftPackageProductDependency;
			package = D8DD289E2EABA83F00D1368A /* XCRemoteSwiftPackageReference "firebase-ios-sdk" */;
			productName = FirebaseAppCheck;
		};
		D8DD28A92EABA83F00D1368A /* FirebaseRemoteConfig */ = {
			isa = XCSwiftPackageProductDependency;
			package = D8DD289E2EABA83F00D1368A /* XCRemoteSwiftPackageReference "firebase-ios-sdk" */;
			productName = FirebaseRemoteConfig;
		};
		D8DD28AC2EABA83F00D1368A /* FirebaseCore */ = {
			isa = XCSwiftPackageProductDependency;
			package = D8DD289E2EABA83F00D1368A /* XCRemoteSwiftPackageReference "firebase-ios-sdk" */;
			productName = FirebaseCore;
		};
/* End XCSwiftPackageProductDependency section */
	};
	rootObject = D83A167A2E4A766F006834CF /* Project object */;
}
